schema: '2.0'
stages:
  load_data:
    cmd: python src/stage_01_load_save.py -c config/config.yaml
    deps:
    - path: config\config.yaml
      md5: f9b6117b6e1a8482be7d84a2d517fced
      size: 209
    - path: src\stage_01_load_save.py
      md5: d44d1153884bef13624bf9ae83e2b4bf
      size: 1129
    - path: src\utils\all_utils.py
      md5: e434d5084e55818ae4c0a00ef28d1fc7
      size: 453
    outs:
    - path: artifacts\raw_local_dir\data.csv
      md5: 6a883fd98624e18c0b7ce251f4fab4fb
      size: 102551
